
Microsoft Visual Studio Solution File, Format Version 12.00
# Visual Studio Version 16
VisualStudioVersion = 16.0.30907.101
MinimumVisualStudioVersion = 10.0.40219.1
Project("{FAE04EC0-301F-11D3-BF4B-00C04F79EFBC}") = "ADO.netPRACTICE", "ADO.netPRACTICE.csproj", "{43546504-C654-4A5A-BDAA-531A745E3075}"
EndProject
Global
	GlobalSection(SolutionConfigurationPlatforms) = preSolution
		Debug|Any CPU = Debug|Any CPU
		Release|Any CPU = Release|Any CPU
	EndGlobalSection
	GlobalSection(ProjectConfigurationPlatforms) = postSolution
		{43546504-C654-4A5A-BDAA-531A745E3075}.Debug|Any CPU.ActiveCfg = Debug|Any CPU
		{43546504-C654-4A5A-BDAA-531A745E3075}.Debug|Any CPU.Build.0 = Debug|Any CPU
		{43546504-C654-4A5A-BDAA-531A745E3075}.Release|Any CPU.ActiveCfg = Release|Any CPU
		{43546504-C654-4A5A-BDAA-531A745E3075}.Release|Any CPU.Build.0 = Release|Any CPU
	EndGlobalSection
	GlobalSection(SolutionProperties) = preSolution
		HideSolutionNode = FALSE
	EndGlobalSection
	GlobalSection(ExtensibilityGlobals) = postSolution
		SolutionGuid = {D1173BC5-F7AE-4D06-8AB6-00A9B56AE40E}
	EndGlobalSection
EndGlobal
