
Microsoft Visual Studio Solution File, Format Version 12.00
# Visual Studio Version 16
VisualStudioVersion = 16.0.31019.35
MinimumVisualStudioVersion = 10.0.40219.1
Project("{9A19103F-16F7-4668-BE54-9A1E7A4F7556}") = "P01_StudentSystem", "P01_StudentSystem\P01_StudentSystem.csproj", "{15B5D27B-82F5-40A8-8B11-A1E4A175C8FB}"
EndProject
Project("{9A19103F-16F7-4668-BE54-9A1E7A4F7556}") = "P03_FootballBetting", "P03_FootballBetting\P03_FootballBetting.csproj", "{E65B03A4-3F6B-45CE-B30E-8BD74F7DB89C}"
EndProject
Project("{FAE04EC0-301F-11D3-BF4B-00C04F79EFBC}") = "P03_FootballBetting.Models", "P03_FootballBetting.Models\P03_FootballBetting.Models.csproj", "{144C84F2-CD54-4BC8-A58D-24B17B0C0F82}"
EndProject
Project("{FAE04EC0-301F-11D3-BF4B-00C04F79EFBC}") = "P03_FootballBetting.Data", "P03_FootballBetting.Data\P03_FootballBetting.Data.csproj", "{B0049A4F-24BA-462B-BA07-8B82B85C09F5}"
EndProject
Global
	GlobalSection(SolutionConfigurationPlatforms) = preSolution
		Debug|Any CPU = Debug|Any CPU
		Release|Any CPU = Release|Any CPU
	EndGlobalSection
	GlobalSection(ProjectConfigurationPlatforms) = postSolution
		{15B5D27B-82F5-40A8-8B11-A1E4A175C8FB}.Debug|Any CPU.ActiveCfg = Debug|Any CPU
		{15B5D27B-82F5-40A8-8B11-A1E4A175C8FB}.Debug|Any CPU.Build.0 = Debug|Any CPU
		{15B5D27B-82F5-40A8-8B11-A1E4A175C8FB}.Release|Any CPU.ActiveCfg = Release|Any CPU
		{15B5D27B-82F5-40A8-8B11-A1E4A175C8FB}.Release|Any CPU.Build.0 = Release|Any CPU
		{E65B03A4-3F6B-45CE-B30E-8BD74F7DB89C}.Debug|Any CPU.ActiveCfg = Debug|Any CPU
		{E65B03A4-3F6B-45CE-B30E-8BD74F7DB89C}.Debug|Any CPU.Build.0 = Debug|Any CPU
		{E65B03A4-3F6B-45CE-B30E-8BD74F7DB89C}.Release|Any CPU.ActiveCfg = Release|Any CPU
		{E65B03A4-3F6B-45CE-B30E-8BD74F7DB89C}.Release|Any CPU.Build.0 = Release|Any CPU
		{144C84F2-CD54-4BC8-A58D-24B17B0C0F82}.Debug|Any CPU.ActiveCfg = Debug|Any CPU
		{144C84F2-CD54-4BC8-A58D-24B17B0C0F82}.Debug|Any CPU.Build.0 = Debug|Any CPU
		{144C84F2-CD54-4BC8-A58D-24B17B0C0F82}.Release|Any CPU.ActiveCfg = Release|Any CPU
		{144C84F2-CD54-4BC8-A58D-24B17B0C0F82}.Release|Any CPU.Build.0 = Release|Any CPU
		{B0049A4F-24BA-462B-BA07-8B82B85C09F5}.Debug|Any CPU.ActiveCfg = Debug|Any CPU
		{B0049A4F-24BA-462B-BA07-8B82B85C09F5}.Debug|Any CPU.Build.0 = Debug|Any CPU
		{B0049A4F-24BA-462B-BA07-8B82B85C09F5}.Release|Any CPU.ActiveCfg = Release|Any CPU
		{B0049A4F-24BA-462B-BA07-8B82B85C09F5}.Release|Any CPU.Build.0 = Release|Any CPU
	EndGlobalSection
	GlobalSection(SolutionProperties) = preSolution
		HideSolutionNode = FALSE
	EndGlobalSection
	GlobalSection(ExtensibilityGlobals) = postSolution
		SolutionGuid = {AF6B1F48-80F1-4FED-AAF1-3681C57DAEB3}
	EndGlobalSection
EndGlobal
