
Microsoft Visual Studio Solution File, Format Version 12.00
# Visual Studio Version 16
VisualStudioVersion = 16.0.30907.101
MinimumVisualStudioVersion = 10.0.40219.1
Project("{FAE04EC0-301F-11D3-BF4B-00C04F79EFBC}") = "EFIntro", "EFIntro.csproj", "{E7170377-F8F9-432F-BE3E-B30B61E6C4D6}"
EndProject
Project("{FAE04EC0-301F-11D3-BF4B-00C04F79EFBC}") = "CodeFirstExamFromMSSQL", "..\CodeFirstExamFromMSSQL\CodeFirstExamFromMSSQL.csproj", "{A3288B0B-A69F-477C-9DC7-A6550F9F972D}"
EndProject
Global
	GlobalSection(SolutionConfigurationPlatforms) = preSolution
		Debug|Any CPU = Debug|Any CPU
		Release|Any CPU = Release|Any CPU
	EndGlobalSection
	GlobalSection(ProjectConfigurationPlatforms) = postSolution
		{E7170377-F8F9-432F-BE3E-B30B61E6C4D6}.Debug|Any CPU.ActiveCfg = Debug|Any CPU
		{E7170377-F8F9-432F-BE3E-B30B61E6C4D6}.Debug|Any CPU.Build.0 = Debug|Any CPU
		{E7170377-F8F9-432F-BE3E-B30B61E6C4D6}.Release|Any CPU.ActiveCfg = Release|Any CPU
		{E7170377-F8F9-432F-BE3E-B30B61E6C4D6}.Release|Any CPU.Build.0 = Release|Any CPU
		{A3288B0B-A69F-477C-9DC7-A6550F9F972D}.Debug|Any CPU.ActiveCfg = Debug|Any CPU
		{A3288B0B-A69F-477C-9DC7-A6550F9F972D}.Debug|Any CPU.Build.0 = Debug|Any CPU
		{A3288B0B-A69F-477C-9DC7-A6550F9F972D}.Release|Any CPU.ActiveCfg = Release|Any CPU
		{A3288B0B-A69F-477C-9DC7-A6550F9F972D}.Release|Any CPU.Build.0 = Release|Any CPU
	EndGlobalSection
	GlobalSection(SolutionProperties) = preSolution
		HideSolutionNode = FALSE
	EndGlobalSection
	GlobalSection(ExtensibilityGlobals) = postSolution
		SolutionGuid = {EC059552-6726-419A-AF5C-E636BC6A4D48}
	EndGlobalSection
EndGlobal
