
Microsoft Visual Studio Solution File, Format Version 12.00
# Visual Studio Version 16
VisualStudioVersion = 16.0.31019.35
MinimumVisualStudioVersion = 10.0.40219.1
Project("{FAE04EC0-301F-11D3-BF4B-00C04F79EFBC}") = "EntityRelationsLab", "EntityRelationsLab.csproj", "{C81F7A10-871D-4A1F-8884-C08B680D403C}"
EndProject
Global
	GlobalSection(SolutionConfigurationPlatforms) = preSolution
		Debug|Any CPU = Debug|Any CPU
		Release|Any CPU = Release|Any CPU
	EndGlobalSection
	GlobalSection(ProjectConfigurationPlatforms) = postSolution
		{C81F7A10-871D-4A1F-8884-C08B680D403C}.Debug|Any CPU.ActiveCfg = Debug|Any CPU
		{C81F7A10-871D-4A1F-8884-C08B680D403C}.Debug|Any CPU.Build.0 = Debug|Any CPU
		{C81F7A10-871D-4A1F-8884-C08B680D403C}.Release|Any CPU.ActiveCfg = Release|Any CPU
		{C81F7A10-871D-4A1F-8884-C08B680D403C}.Release|Any CPU.Build.0 = Release|Any CPU
	EndGlobalSection
	GlobalSection(SolutionProperties) = preSolution
		HideSolutionNode = FALSE
	EndGlobalSection
	GlobalSection(ExtensibilityGlobals) = postSolution
		SolutionGuid = {1441BBDB-C6A2-4604-900D-AA7CA91E05FE}
	EndGlobalSection
EndGlobal
